
Microsoft Visual Studio Solution File, Format Version 12.00
# Visual Studio 14
VisualStudioVersion = 14.0.24720.0
MinimumVisualStudioVersion = 10.0.40219.1
Project("{FAE04EC0-301F-11D3-BF4B-00C04F79EFBC}") = "prgNegocioDeZapatos", "prgNegocioDeZapatos\prgNegocioDeZapatos.csproj", "{ED950C5C-87F6-46A4-844B-AC86CF82AD8D}"
EndProject
Project("{FAE04EC0-301F-11D3-BF4B-00C04F79EFBC}") = "Entidades", "Modelo\Entidades.csproj", "{34C834C6-4412-477E-B1D7-FBCB2E49733B}"
EndProject
Project("{FAE04EC0-301F-11D3-BF4B-00C04F79EFBC}") = "AccesoDatos", "AccesoDatos\AccesoDatos.csproj", "{74C02E0C-E2EC-4A51-813F-1386B9DC3502}"
EndProject
Global
	GlobalSection(SolutionConfigurationPlatforms) = preSolution
		Debug|Any CPU = Debug|Any CPU
		Release|Any CPU = Release|Any CPU
	EndGlobalSection
	GlobalSection(ProjectConfigurationPlatforms) = postSolution
		{ED950C5C-87F6-46A4-844B-AC86CF82AD8D}.Debug|Any CPU.ActiveCfg = Debug|Any CPU
		{ED950C5C-87F6-46A4-844B-AC86CF82AD8D}.Debug|Any CPU.Build.0 = Debug|Any CPU
		{ED950C5C-87F6-46A4-844B-AC86CF82AD8D}.Release|Any CPU.ActiveCfg = Release|Any CPU
		{ED950C5C-87F6-46A4-844B-AC86CF82AD8D}.Release|Any CPU.Build.0 = Release|Any CPU
		{34C834C6-4412-477E-B1D7-FBCB2E49733B}.Debug|Any CPU.ActiveCfg = Debug|Any CPU
		{34C834C6-4412-477E-B1D7-FBCB2E49733B}.Debug|Any CPU.Build.0 = Debug|Any CPU
		{34C834C6-4412-477E-B1D7-FBCB2E49733B}.Release|Any CPU.ActiveCfg = Release|Any CPU
		{34C834C6-4412-477E-B1D7-FBCB2E49733B}.Release|Any CPU.Build.0 = Release|Any CPU
		{74C02E0C-E2EC-4A51-813F-1386B9DC3502}.Debug|Any CPU.ActiveCfg = Debug|Any CPU
		{74C02E0C-E2EC-4A51-813F-1386B9DC3502}.Debug|Any CPU.Build.0 = Debug|Any CPU
		{74C02E0C-E2EC-4A51-813F-1386B9DC3502}.Release|Any CPU.ActiveCfg = Release|Any CPU
		{74C02E0C-E2EC-4A51-813F-1386B9DC3502}.Release|Any CPU.Build.0 = Release|Any CPU
	EndGlobalSection
	GlobalSection(SolutionProperties) = preSolution
		HideSolutionNode = FALSE
	EndGlobalSection
EndGlobal
